// !$*UTF8*$!
{
	archiveVersion = 1;
	classes = {
	};
	objectVersion = 48;
	objects = {

/* Begin PBXBuildFile section */
		FC6B7FE41FB2D25A003FCDF9 /* AppDelegate.m in Sources */ = {isa = PBXBuildFile; fileRef = FC6B7FE31FB2D25A003FCDF9 /* AppDelegate.m */; };
		FC6B7FE71FB2D25A003FCDF9 /* ViewController.m in Sources */ = {isa = PBXBuildFile; fileRef = FC6B7FE61FB2D25A003FCDF9 /* ViewController.m */; };
		FC6B7FEA1FB2D25A003FCDF9 /* Main.storyboard in Resources */ = {isa = PBXBuildFile; fileRef = FC6B7FE81FB2D25A003FCDF9 /* Main.storyboard */; };
		FC6B7FEC1FB2D25A003FCDF9 /* Assets.xcassets in Resources */ = {isa = PBXBuildFile; fileRef = FC6B7FEB1FB2D25A003FCDF9 /* Assets.xcassets */; };
		FC6B7FEF1FB2D25A003FCDF9 /* LaunchScreen.storyboard in Resources */ = {isa = PBXBuildFile; fileRef = FC6B7FED1FB2D25A003FCDF9 /* LaunchScreen.storyboard */; };
		FC6B7FF21FB2D25A003FCDF9 /* main.m in Sources */ = {isa = PBXBuildFile; fileRef = FC6B7FF11FB2D25A003FCDF9 /* main.m */; };
		FC6B7FFC1FB2D25A003FCDF9 /* KMoJiLineChartTests.m in Sources */ = {isa = PBXBuildFile; fileRef = FC6B7FFB1FB2D25A003FCDF9 /* KMoJiLineChartTests.m */; };
		FC6B80071FB2D25A003FCDF9 /* KMoJiLineChartUITests.m in Sources */ = {isa = PBXBuildFile; fileRef = FC6B80061FB2D25A003FCDF9 /* KMoJiLineChartUITests.m */; };
		FC6B80171FB2D3C8003FCDF9 /* UIColor+Extension.m in Sources */ = {isa = PBXBuildFile; fileRef = FC6B80161FB2D3C8003FCDF9 /* UIColor+Extension.m */; };
		FC6B80201FB2D68D003FCDF9 /* KMoJiLineCell.m in Sources */ = {isa = PBXBuildFile; fileRef = FC6B801F1FB2D68D003FCDF9 /* KMoJiLineCell.m */; };
		FC6B80231FB2D6FF003FCDF9 /* KMoJiLineCell2.m in Sources */ = {isa = PBXBuildFile; fileRef = FC6B80221FB2D6FF003FCDF9 /* KMoJiLineCell2.m */; };
		FC6B80331FB2D94A003FCDF9 /* UUChart.m in Sources */ = {isa = PBXBuildFile; fileRef = FC6B802A1FB2D94A003FCDF9 /* UUChart.m */; };
		FC6B80341FB2D94A003FCDF9 /* UUChartConst.m in Sources */ = {isa = PBXBuildFile; fileRef = FC6B802C1FB2D94A003FCDF9 /* UUChartConst.m */; };
		FC6B80351FB2D94A003FCDF9 /* UUChartLabel.m in Sources */ = {isa = PBXBuildFile; fileRef = FC6B802E1FB2D94A003FCDF9 /* UUChartLabel.m */; };
		FC6B80361FB2D94A003FCDF9 /* UULineChart.m in Sources */ = {isa = PBXBuildFile; fileRef = FC6B80301FB2D94A003FCDF9 /* UULineChart.m */; };
		FC6B80391FB2DB4D003FCDF9 /* UIBezierPath+Points.m in Sources */ = {isa = PBXBuildFile; fileRef = FC6B80381FB2DB4D003FCDF9 /* UIBezierPath+Points.m */; };
/* End PBXBuildFile section */

/* Begin PBXContainerItemProxy section */
		FC6B7FF81FB2D25A003FCDF9 /* PBXContainerItemProxy */ = {
			isa = PBXContainerItemProxy;
			containerPortal = FC6B7FD71FB2D25A003FCDF9 /* Project object */;
			proxyType = 1;
			remoteGlobalIDString = FC6B7FDE1FB2D25A003FCDF9;
			remoteInfo = KMoJiLineChart;
		};
		FC6B80031FB2D25A003FCDF9 /* PBXContainerItemProxy */ = {
			isa = PBXContainerItemProxy;
			containerPortal = FC6B7FD71FB2D25A003FCDF9 /* Project object */;
			proxyType = 1;
			remoteGlobalIDString = FC6B7FDE1FB2D25A003FCDF9;
			remoteInfo = KMoJiLineChart;
		};
/* End PBXContainerItemProxy section */

/* Begin PBXFileReference section */
		FC6B7FDF1FB2D25A003FCDF9 /* KMoJiLineChart.app */ = {isa = PBXFileReference; explicitFileType = wrapper.application; includeInIndex = 0; path = KMoJiLineChart.app; sourceTree = BUILT_PRODUCTS_DIR; };
		FC6B7FE21FB2D25A003FCDF9 /* AppDelegate.h */ = {isa = PBXFileReference; lastKnownFileType = sourcecode.c.h; path = AppDelegate.h; sourceTree = "<group>"; };
		FC6B7FE31FB2D25A003FCDF9 /* AppDelegate.m */ = {isa = PBXFileReference; lastKnownFileType = sourcecode.c.objc; path = AppDelegate.m; sourceTree = "<group>"; };
		FC6B7FE51FB2D25A003FCDF9 /* ViewController.h */ = {isa = PBXFileReference; lastKnownFileType = sourcecode.c.h; path = ViewController.h; sourceTree = "<group>"; };
		FC6B7FE61FB2D25A003FCDF9 /* ViewController.m */ = {isa = PBXFileReference; lastKnownFileType = sourcecode.c.objc; path = ViewController.m; sourceTree = "<group>"; };
		FC6B7FE91FB2D25A003FCDF9 /* Base */ = {isa = PBXFileReference; lastKnownFileType = file.storyboard; name = Base; path = Base.lproj/Main.storyboard; sourceTree = "<group>"; };
		FC6B7FEB1FB2D25A003FCDF9 /* Assets.xcassets */ = {isa = PBXFileReference; lastKnownFileType = folder.assetcatalog; path = Assets.xcassets; sourceTree = "<group>"; };
		FC6B7FEE1FB2D25A003FCDF9 /* Base */ = {isa = PBXFileReference; lastKnownFileType = file.storyboard; name = Base; path = Base.lproj/LaunchScreen.storyboard; sourceTree = "<group>"; };
		FC6B7FF01FB2D25A003FCDF9 /* Info.plist */ = {isa = PBXFileReference; lastKnownFileType = text.plist.xml; path = Info.plist; sourceTree = "<group>"; };
		FC6B7FF11FB2D25A003FCDF9 /* main.m */ = {isa = PBXFileReference; lastKnownFileType = sourcecode.c.objc; path = main.m; sourceTree = "<group>"; };
		FC6B7FF71FB2D25A003FCDF9 /* KMoJiLineChartTests.xctest */ = {isa = PBXFileReference; explicitFileType = wrapper.cfbundle; includeInIndex = 0; path = KMoJiLineChartTests.xctest; sourceTree = BUILT_PRODUCTS_DIR; };
		FC6B7FFB1FB2D25A003FCDF9 /* KMoJiLineChartTests.m */ = {isa = PBXFileReference; lastKnownFileType = sourcecode.c.objc; path = KMoJiLineChartTests.m; sourceTree = "<group>"; };
		FC6B7FFD1FB2D25A003FCDF9 /* Info.plist */ = {isa = PBXFileReference; lastKnownFileType = text.plist.xml; path = Info.plist; sourceTree = "<group>"; };
		FC6B80021FB2D25A003FCDF9 /* KMoJiLineChartUITests.xctest */ = {isa = PBXFileReference; explicitFileType = wrapper.cfbundle; includeInIndex = 0; path = KMoJiLineChartUITests.xctest; sourceTree = BUILT_PRODUCTS_DIR; };
		FC6B80061FB2D25A003FCDF9 /* KMoJiLineChartUITests.m */ = {isa = PBXFileReference; lastKnownFileType = sourcecode.c.objc; path = KMoJiLineChartUITests.m; sourceTree = "<group>"; };
		FC6B80081FB2D25A003FCDF9 /* Info.plist */ = {isa = PBXFileReference; lastKnownFileType = text.plist.xml; path = Info.plist; sourceTree = "<group>"; };
		FC6B80151FB2D3C8003FCDF9 /* UIColor+Extension.h */ = {isa = PBXFileReference; fileEncoding = 4; lastKnownFileType = sourcecode.c.h; path = "UIColor+Extension.h"; sourceTree = "<group>"; };
		FC6B80161FB2D3C8003FCDF9 /* UIColor+Extension.m */ = {isa = PBXFileReference; fileEncoding = 4; lastKnownFileType = sourcecode.c.objc; path = "UIColor+Extension.m"; sourceTree = "<group>"; };
		FC6B801E1FB2D68D003FCDF9 /* KMoJiLineCell.h */ = {isa = PBXFileReference; lastKnownFileType = sourcecode.c.h; path = KMoJiLineCell.h; sourceTree = "<group>"; };
		FC6B801F1FB2D68D003FCDF9 /* KMoJiLineCell.m */ = {isa = PBXFileReference; lastKnownFileType = sourcecode.c.objc; path = KMoJiLineCell.m; sourceTree = "<group>"; };
		FC6B80211FB2D6FF003FCDF9 /* KMoJiLineCell2.h */ = {isa = PBXFileReference; lastKnownFileType = sourcecode.c.h; path = KMoJiLineCell2.h; sourceTree = "<group>"; };
		FC6B80221FB2D6FF003FCDF9 /* KMoJiLineCell2.m */ = {isa = PBXFileReference; lastKnownFileType = sourcecode.c.objc; path = KMoJiLineCell2.m; sourceTree = "<group>"; };
		FC6B80291FB2D94A003FCDF9 /* UUChart.h */ = {isa = PBXFileReference; fileEncoding = 4; lastKnownFileType = sourcecode.c.h; path = UUChart.h; sourceTree = "<group>"; };
		FC6B802A1FB2D94A003FCDF9 /* UUChart.m */ = {isa = PBXFileReference; fileEncoding = 4; lastKnownFileType = sourcecode.c.objc; path = UUChart.m; sourceTree = "<group>"; };
		FC6B802B1FB2D94A003FCDF9 /* UUChartConst.h */ = {isa = PBXFileReference; fileEncoding = 4; lastKnownFileType = sourcecode.c.h; path = UUChartConst.h; sourceTree = "<group>"; };
		FC6B802C1FB2D94A003FCDF9 /* UUChartConst.m */ = {isa = PBXFileReference; fileEncoding = 4; lastKnownFileType = sourcecode.c.objc; path = UUChartConst.m; sourceTree = "<group>"; };
		FC6B802D1FB2D94A003FCDF9 /* UUChartLabel.h */ = {isa = PBXFileReference; fileEncoding = 4; lastKnownFileType = sourcecode.c.h; path = UUChartLabel.h; sourceTree = "<group>"; };
		FC6B802E1FB2D94A003FCDF9 /* UUChartLabel.m */ = {isa = PBXFileReference; fileEncoding = 4; lastKnownFileType = sourcecode.c.objc; path = UUChartLabel.m; sourceTree = "<group>"; };
		FC6B802F1FB2D94A003FCDF9 /* UULineChart.h */ = {isa = PBXFileReference; fileEncoding = 4; lastKnownFileType = sourcecode.c.h; path = UULineChart.h; sourceTree = "<group>"; };
		FC6B80301FB2D94A003FCDF9 /* UULineChart.m */ = {isa = PBXFileReference; fileEncoding = 4; lastKnownFileType = sourcecode.c.objc; path = UULineChart.m; sourceTree = "<group>"; };
		FC6B80371FB2DB4D003FCDF9 /* UIBezierPath+Points.h */ = {isa = PBXFileReference; fileEncoding = 4; lastKnownFileType = sourcecode.c.h; path = "UIBezierPath+Points.h"; sourceTree = "<group>"; };
		FC6B80381FB2DB4D003FCDF9 /* UIBezierPath+Points.m */ = {isa = PBXFileReference; fileEncoding = 4; lastKnownFileType = sourcecode.c.objc; path = "UIBezierPath+Points.m"; sourceTree = "<group>"; };
/* End PBXFileReference section */

/* Begin PBXFrameworksBuildPhase section */
		FC6B7FDC1FB2D25A003FCDF9 /* Frameworks */ = {
			isa = PBXFrameworksBuildPhase;
			buildActionMask = 2147483647;
			files = (
			);
			runOnlyForDeploymentPostprocessing = 0;
		};
		FC6B7FF41FB2D25A003FCDF9 /* Frameworks */ = {
			isa = PBXFrameworksBuildPhase;
			buildActionMask = 2147483647;
			files = (
			);
			runOnlyForDeploymentPostprocessing = 0;
		};
		FC6B7FFF1FB2D25A003FCDF9 /* Frameworks */ = {
			isa = PBXFrameworksBuildPhase;
			buildActionMask = 2147483647;
			files = (
			);
			runOnlyForDeploymentPostprocessing = 0;
		};
/* End PBXFrameworksBuildPhase section */

/* Begin PBXGroup section */
		FC6B7FD61FB2D25A003FCDF9 = {
			isa = PBXGroup;
			children = (
				FC6B80141FB2D3C8003FCDF9 /* lineChart */,
				FC6B7FE11FB2D25A003FCDF9 /* KMoJiLineChart */,
				FC6B7FFA1FB2D25A003FCDF9 /* KMoJiLineChartTests */,
				FC6B80051FB2D25A003FCDF9 /* KMoJiLineChartUITests */,
				FC6B7FE01FB2D25A003FCDF9 /* Products */,
			);
			sourceTree = "<group>";
		};
		FC6B7FE01FB2D25A003FCDF9 /* Products */ = {
			isa = PBXGroup;
			children = (
				FC6B7FDF1FB2D25A003FCDF9 /* KMoJiLineChart.app */,
				FC6B7FF71FB2D25A003FCDF9 /* KMoJiLineChartTests.xctest */,
				FC6B80021FB2D25A003FCDF9 /* KMoJiLineChartUITests.xctest */,
			);
			name = Products;
			sourceTree = "<group>";
		};
		FC6B7FE11FB2D25A003FCDF9 /* KMoJiLineChart */ = {
			isa = PBXGroup;
			children = (
				FC6B7FE21FB2D25A003FCDF9 /* AppDelegate.h */,
				FC6B7FE31FB2D25A003FCDF9 /* AppDelegate.m */,
				FC6B7FE51FB2D25A003FCDF9 /* ViewController.h */,
				FC6B7FE61FB2D25A003FCDF9 /* ViewController.m */,
				FC6B7FE81FB2D25A003FCDF9 /* Main.storyboard */,
				FC6B7FEB1FB2D25A003FCDF9 /* Assets.xcassets */,
				FC6B7FED1FB2D25A003FCDF9 /* LaunchScreen.storyboard */,
				FC6B7FF01FB2D25A003FCDF9 /* Info.plist */,
				FC6B7FF11FB2D25A003FCDF9 /* main.m */,
			);
			path = KMoJiLineChart;
			sourceTree = "<group>";
		};
		FC6B7FFA1FB2D25A003FCDF9 /* KMoJiLineChartTests */ = {
			isa = PBXGroup;
			children = (
				FC6B7FFB1FB2D25A003FCDF9 /* KMoJiLineChartTests.m */,
				FC6B7FFD1FB2D25A003FCDF9 /* Info.plist */,
			);
			path = KMoJiLineChartTests;
			sourceTree = "<group>";
		};
		FC6B80051FB2D25A003FCDF9 /* KMoJiLineChartUITests */ = {
			isa = PBXGroup;
			children = (
				FC6B80061FB2D25A003FCDF9 /* KMoJiLineChartUITests.m */,
				FC6B80081FB2D25A003FCDF9 /* Info.plist */,
			);
			path = KMoJiLineChartUITests;
			sourceTree = "<group>";
		};
		FC6B80141FB2D3C8003FCDF9 /* lineChart */ = {
			isa = PBXGroup;
			children = (
				FC6B80241FB2D94A003FCDF9 /* UUChart */,
				FC6B80151FB2D3C8003FCDF9 /* UIColor+Extension.h */,
				FC6B80161FB2D3C8003FCDF9 /* UIColor+Extension.m */,
				FC6B801E1FB2D68D003FCDF9 /* KMoJiLineCell.h */,
				FC6B801F1FB2D68D003FCDF9 /* KMoJiLineCell.m */,
				FC6B80211FB2D6FF003FCDF9 /* KMoJiLineCell2.h */,
				FC6B80221FB2D6FF003FCDF9 /* KMoJiLineCell2.m */,
			);
			path = lineChart;
			sourceTree = "<group>";
		};
		FC6B80241FB2D94A003FCDF9 /* UUChart */ = {
			isa = PBXGroup;
			children = (
				FC6B80371FB2DB4D003FCDF9 /* UIBezierPath+Points.h */,
				FC6B80381FB2DB4D003FCDF9 /* UIBezierPath+Points.m */,
				FC6B80291FB2D94A003FCDF9 /* UUChart.h */,
				FC6B802A1FB2D94A003FCDF9 /* UUChart.m */,
				FC6B802B1FB2D94A003FCDF9 /* UUChartConst.h */,
				FC6B802C1FB2D94A003FCDF9 /* UUChartConst.m */,
				FC6B802D1FB2D94A003FCDF9 /* UUChartLabel.h */,
				FC6B802E1FB2D94A003FCDF9 /* UUChartLabel.m */,
				FC6B802F1FB2D94A003FCDF9 /* UULineChart.h */,
				FC6B80301FB2D94A003FCDF9 /* UULineChart.m */,
			);
			path = UUChart;
			sourceTree = "<group>";
		};
/* End PBXGroup section */

/* Begin PBXNativeTarget section */
		FC6B7FDE1FB2D25A003FCDF9 /* KMoJiLineChart */ = {
			isa = PBXNativeTarget;
			buildConfigurationList = FC6B800B1FB2D25A003FCDF9 /* Build configuration list for PBXNativeTarget "KMoJiLineChart" */;
			buildPhases = (
				FC6B7FDB1FB2D25A003FCDF9 /* Sources */,
				FC6B7FDC1FB2D25A003FCDF9 /* Frameworks */,
				FC6B7FDD1FB2D25A003FCDF9 /* Resources */,
			);
			buildRules = (
			);
			dependencies = (
			);
			name = KMoJiLineChart;
			productName = KMoJiLineChart;
			productReference = FC6B7FDF1FB2D25A003FCDF9 /* KMoJiLineChart.app */;
			productType = "com.apple.product-type.application";
		};
		FC6B7FF61FB2D25A003FCDF9 /* KMoJiLineChartTests */ = {
			isa = PBXNativeTarget;
			buildConfigurationList = FC6B800E1FB2D25A003FCDF9 /* Build configuration list for PBXNativeTarget "KMoJiLineChartTests" */;
			buildPhases = (
				FC6B7FF31FB2D25A003FCDF9 /* Sources */,
				FC6B7FF41FB2D25A003FCDF9 /* Frameworks */,
				FC6B7FF51FB2D25A003FCDF9 /* Resources */,
			);
			buildRules = (
			);
			dependencies = (
				FC6B7FF91FB2D25A003FCDF9 /* PBXTargetDependency */,
			);
			name = KMoJiLineChartTests;
			productName = KMoJiLineChartTests;
			productReference = FC6B7FF71FB2D25A003FCDF9 /* KMoJiLineChartTests.xctest */;
			productType = "com.apple.product-type.bundle.unit-test";
		};
		FC6B80011FB2D25A003FCDF9 /* KMoJiLineChartUITests */ = {
			isa = PBXNativeTarget;
			buildConfigurationList = FC6B80111FB2D25A003FCDF9 /* Build configuration list for PBXNativeTarget "KMoJiLineChartUITests" */;
			buildPhases = (
				FC6B7FFE1FB2D25A003FCDF9 /* Sources */,
				FC6B7FFF1FB2D25A003FCDF9 /* Frameworks */,
				FC6B80001FB2D25A003FCDF9 /* Resources */,
			);
			buildRules = (
			);
			dependencies = (
				FC6B80041FB2D25A003FCDF9 /* PBXTargetDependency */,
			);
			name = KMoJiLineChartUITests;
			productName = KMoJiLineChartUITests;
			productReference = FC6B80021FB2D25A003FCDF9 /* KMoJiLineChartUITests.xctest */;
			productType = "com.apple.product-type.bundle.ui-testing";
		};
/* End PBXNativeTarget section */

/* Begin PBXProject section */
		FC6B7FD71FB2D25A003FCDF9 /* Project object */ = {
			isa = PBXProject;
			attributes = {
				LastUpgradeCheck = 0910;
				ORGANIZATIONNAME = tenghu;
				TargetAttributes = {
					FC6B7FDE1FB2D25A003FCDF9 = {
						CreatedOnToolsVersion = 9.1;
						ProvisioningStyle = Automatic;
					};
					FC6B7FF61FB2D25A003FCDF9 = {
						CreatedOnToolsVersion = 9.1;
						ProvisioningStyle = Automatic;
						TestTargetID = FC6B7FDE1FB2D25A003FCDF9;
					};
					FC6B80011FB2D25A003FCDF9 = {
						CreatedOnToolsVersion = 9.1;
						ProvisioningStyle = Automatic;
						TestTargetID = FC6B7FDE1FB2D25A003FCDF9;
					};
				};
			};
			buildConfigurationList = FC6B7FDA1FB2D25A003FCDF9 /* Build configuration list for PBXProject "KMoJiLineChart" */;
			compatibilityVersion = "Xcode 8.0";
			developmentRegion = en;
			hasScannedForEncodings = 0;
			knownRegions = (
				en,
				Base,
			);
			mainGroup = FC6B7FD61FB2D25A003FCDF9;
			productRefGroup = FC6B7FE01FB2D25A003FCDF9 /* Products */;
			projectDirPath = "";
			projectRoot = "";
			targets = (
				FC6B7FDE1FB2D25A003FCDF9 /* KMoJiLineChart */,
				FC6B7FF61FB2D25A003FCDF9 /* KMoJiLineChartTests */,
				FC6B80011FB2D25A003FCDF9 /* KMoJiLineChartUITests */,
			);
		};
/* End PBXProject section */

/* Begin PBXResourcesBuildPhase section */
		FC6B7FDD1FB2D25A003FCDF9 /* Resources */ = {
			isa = PBXResourcesBuildPhase;
			buildActionMask = 2147483647;
			files = (
				FC6B7FEF1FB2D25A003FCDF9 /* LaunchScreen.storyboard in Resources */,
				FC6B7FEC1FB2D25A003FCDF9 /* Assets.xcassets in Resources */,
				FC6B7FEA1FB2D25A003FCDF9 /* Main.storyboard in Resources */,
			);
			runOnlyForDeploymentPostprocessing = 0;
		};
		FC6B7FF51FB2D25A003FCDF9 /* Resources */ = {
			isa = PBXResourcesBuildPhase;
			buildActionMask = 2147483647;
			files = (
			);
			runOnlyForDeploymentPostprocessing = 0;
		};
		FC6B80001FB2D25A003FCDF9 /* Resources */ = {
			isa = PBXResourcesBuildPhase;
			buildActionMask = 2147483647;
			files = (
			);
			runOnlyForDeploymentPostprocessing = 0;
		};
/* End PBXResourcesBuildPhase section */

/* Begin PBXSourcesBuildPhase section */
		FC6B7FDB1FB2D25A003FCDF9 /* Sources */ = {
			isa = PBXSourcesBuildPhase;
			buildActionMask = 2147483647;
			files = (
				FC6B7FE71FB2D25A003FCDF9 /* ViewController.m in Sources */,
				FC6B80351FB2D94A003FCDF9 /* UUChartLabel.m in Sources */,
				FC6B80331FB2D94A003FCDF9 /* UUChart.m in Sources */,
				FC6B80361FB2D94A003FCDF9 /* UULineChart.m in Sources */,
				FC6B7FF21FB2D25A003FCDF9 /* main.m in Sources */,
				FC6B7FE41FB2D25A003FCDF9 /* AppDelegate.m in Sources */,
				FC6B80341FB2D94A003FCDF9 /* UUChartConst.m in Sources */,
				FC6B80391FB2DB4D003FCDF9 /* UIBezierPath+Points.m in Sources */,
				FC6B80171FB2D3C8003FCDF9 /* UIColor+Extension.m in Sources */,
				FC6B80201FB2D68D003FCDF9 /* KMoJiLineCell.m in Sources */,
				FC6B80231FB2D6FF003FCDF9 /* KMoJiLineCell2.m in Sources */,
			);
			runOnlyForDeploymentPostprocessing = 0;
		};
		FC6B7FF31FB2D25A003FCDF9 /* Sources */ = {
			isa = PBXSourcesBuildPhase;
			buildActionMask = 2147483647;
			files = (
				FC6B7FFC1FB2D25A003FCDF9 /* KMoJiLineChartTests.m in Sources */,
			);
			runOnlyForDeploymentPostprocessing = 0;
		};
		FC6B7FFE1FB2D25A003FCDF9 /* Sources */ = {
			isa = PBXSourcesBuildPhase;
			buildActionMask = 2147483647;
			files = (
				FC6B80071FB2D25A003FCDF9 /* KMoJiLineChartUITests.m in Sources */,
			);
			runOnlyForDeploymentPostprocessing = 0;
		};
/* End PBXSourcesBuildPhase section */

/* Begin PBXTargetDependency section */
		FC6B7FF91FB2D25A003FCDF9 /* PBXTargetDependency */ = {
			isa = PBXTargetDependency;
			target = FC6B7FDE1FB2D25A003FCDF9 /* KMoJiLineChart */;
			targetProxy = FC6B7FF81FB2D25A003FCDF9 /* PBXContainerItemProxy */;
		};
		FC6B80041FB2D25A003FCDF9 /* PBXTargetDependency */ = {
			isa = PBXTargetDependency;
			target = FC6B7FDE1FB2D25A003FCDF9 /* KMoJiLineChart */;
			targetProxy = FC6B80031FB2D25A003FCDF9 /* PBXContainerItemProxy */;
		};
/* End PBXTargetDependency section */

/* Begin PBXVariantGroup section */
		FC6B7FE81FB2D25A003FCDF9 /* Main.storyboard */ = {
			isa = PBXVariantGroup;
			children = (
				FC6B7FE91FB2D25A003FCDF9 /* Base */,
			);
			name = Main.storyboard;
			sourceTree = "<group>";
		};
		FC6B7FED1FB2D25A003FCDF9 /* LaunchScreen.storyboard */ = {
			isa = PBXVariantGroup;
			children = (
				FC6B7FEE1FB2D25A003FCDF9 /* Base */,
			);
			name = LaunchScreen.storyboard;
			sourceTree = "<group>";
		};
/* End PBXVariantGroup section */

/* Begin XCBuildConfiguration section */
		FC6B80091FB2D25A003FCDF9 /* Debug */ = {
			isa = XCBuildConfiguration;
			buildSettings = {
				ALWAYS_SEARCH_USER_PATHS = NO;
				CLANG_ANALYZER_NONNULL = YES;
				CLANG_ANALYZER_NUMBER_OBJECT_CONVERSION = YES_AGGRESSIVE;
				CLANG_CXX_LANGUAGE_STANDARD = "gnu++14";
				CLANG_CXX_LIBRARY = "libc++";
				CLANG_ENABLE_MODULES = YES;
				CLANG_ENABLE_OBJC_ARC = YES;
				CLANG_WARN_BLOCK_CAPTURE_AUTORELEASING = YES;
				CLANG_WARN_BOOL_CONVERSION = YES;
				CLANG_WARN_COMMA = YES;
				CLANG_WARN_CONSTANT_CONVERSION = YES;
				CLANG_WARN_DIRECT_OBJC_ISA_USAGE = YES_ERROR;
				CLANG_WARN_DOCUMENTATION_COMMENTS = YES;
				CLANG_WARN_EMPTY_BODY = YES;
				CLANG_WARN_ENUM_CONVERSION = YES;
				CLANG_WARN_INFINITE_RECURSION = YES;
				CLANG_WARN_INT_CONVERSION = YES;
				CLANG_WARN_NON_LITERAL_NULL_CONVERSION = YES;
				CLANG_WARN_OBJC_LITERAL_CONVERSION = YES;
				CLANG_WARN_OBJC_ROOT_CLASS = YES_ERROR;
				CLANG_WARN_RANGE_LOOP_ANALYSIS = YES;
				CLANG_WARN_STRICT_PROTOTYPES = YES;
				CLANG_WARN_SUSPICIOUS_MOVE = YES;
				CLANG_WARN_UNGUARDED_AVAILABILITY = YES_AGGRESSIVE;
				CLANG_WARN_UNREACHABLE_CODE = YES;
				CLANG_WARN__DUPLICATE_METHOD_MATCH = YES;
				CODE_SIGN_IDENTITY = "iPhone Developer";
				COPY_PHASE_STRIP = NO;
				DEBUG_INFORMATION_FORMAT = dwarf;
				ENABLE_STRICT_OBJC_MSGSEND = YES;
				ENABLE_TESTABILITY = YES;
				GCC_C_LANGUAGE_STANDARD = gnu11;
				GCC_DYNAMIC_NO_PIC = NO;
				GCC_NO_COMMON_BLOCKS = YES;
				GCC_OPTIMIZATION_LEVEL = 0;
				GCC_PREPROCESSOR_DEFINITIONS = (
					"DEBUG=1",
					"$(inherited)",
				);
				GCC_WARN_64_TO_32_BIT_CONVERSION = YES;
				GCC_WARN_ABOUT_RETURN_TYPE = YES_ERROR;
				GCC_WARN_UNDECLARED_SELECTOR = YES;
				GCC_WARN_UNINITIALIZED_AUTOS = YES_AGGRESSIVE;
				GCC_WARN_UNUSED_FUNCTION = YES;
				GCC_WARN_UNUSED_VARIABLE = YES;
				IPHONEOS_DEPLOYMENT_TARGET = 11.1;
				MTL_ENABLE_DEBUG_INFO = YES;
				ONLY_ACTIVE_ARCH = YES;
				SDKROOT = iphoneos;
			};
			name = Debug;
		};
		FC6B800A1FB2D25A003FCDF9 /* Release */ = {
			isa = XCBuildConfiguration;
			buildSettings = {
				ALWAYS_SEARCH_USER_PATHS = NO;
				CLANG_ANALYZER_NONNULL = YES;
				CLANG_ANALYZER_NUMBER_OBJECT_CONVERSION = YES_AGGRESSIVE;
				CLANG_CXX_LANGUAGE_STANDARD = "gnu++14";
				CLANG_CXX_LIBRARY = "libc++";
				CLANG_ENABLE_MODULES = YES;
				CLANG_ENABLE_OBJC_ARC = YES;
				CLANG_WARN_BLOCK_CAPTURE_AUTORELEASING = YES;
				CLANG_WARN_BOOL_CONVERSION = YES;
				CLANG_WARN_COMMA = YES;
				CLANG_WARN_CONSTANT_CONVERSION = YES;
				CLANG_WARN_DIRECT_OBJC_ISA_USAGE = YES_ERROR;
				CLANG_WARN_DOCUMENTATION_COMMENTS = YES;
				CLANG_WARN_EMPTY_BODY = YES;
				CLANG_WARN_ENUM_CONVERSION = YES;
				CLANG_WARN_INFINITE_RECURSION = YES;
				CLANG_WARN_INT_CONVERSION = YES;
				CLANG_WARN_NON_LITERAL_NULL_CONVERSION = YES;
				CLANG_WARN_OBJC_LITERAL_CONVERSION = YES;
				CLANG_WARN_OBJC_ROOT_CLASS = YES_ERROR;
				CLANG_WARN_RANGE_LOOP_ANALYSIS = YES;
				CLANG_WARN_STRICT_PROTOTYPES = YES;
				CLANG_WARN_SUSPICIOUS_MOVE = YES;
				CLANG_WARN_UNGUARDED_AVAILABILITY = YES_AGGRESSIVE;
				CLANG_WARN_UNREACHABLE_CODE = YES;
				CLANG_WARN__DUPLICATE_METHOD_MATCH = YES;
				CODE_SIGN_IDENTITY = "iPhone Developer";
				COPY_PHASE_STRIP = NO;
				DEBUG_INFORMATION_FORMAT = "dwarf-with-dsym";
				ENABLE_NS_ASSERTIONS = NO;
				ENABLE_STRICT_OBJC_MSGSEND = YES;
				GCC_C_LANGUAGE_STANDARD = gnu11;
				GCC_NO_COMMON_BLOCKS = YES;
				GCC_WARN_64_TO_32_BIT_CONVERSION = YES;
				GCC_WARN_ABOUT_RETURN_TYPE = YES_ERROR;
				GCC_WARN_UNDECLARED_SELECTOR = YES;
				GCC_WARN_UNINITIALIZED_AUTOS = YES_AGGRESSIVE;
				GCC_WARN_UNUSED_FUNCTION = YES;
				GCC_WARN_UNUSED_VARIABLE = YES;
				IPHONEOS_DEPLOYMENT_TARGET = 11.1;
				MTL_ENABLE_DEBUG_INFO = NO;
				SDKROOT = iphoneos;
				VALIDATE_PRODUCT = YES;
			};
			name = Release;
		};
		FC6B800C1FB2D25A003FCDF9 /* Debug */ = {
			isa = XCBuildConfiguration;
			buildSettings = {
				ASSETCATALOG_COMPILER_APPICON_NAME = AppIcon;
				CODE_SIGN_STYLE = Automatic;
				DEVELOPMENT_TEAM = BJ5C47MMK7;
				INFOPLIST_FILE = KMoJiLineChart/Info.plist;
				IPHONEOS_DEPLOYMENT_TARGET = 8.0;
				LD_RUNPATH_SEARCH_PATHS = "$(inherited) @executable_path/Frameworks";
				PRODUCT_BUNDLE_IDENTIFIER = tenghu.KMoJiLineChart;
				PRODUCT_NAME = "$(TARGET_NAME)";
				TARGETED_DEVICE_FAMILY = "1,2";
			};
			name = Debug;
		};
		FC6B800D1FB2D25A003FCDF9 /* Release */ = {
			isa = XCBuildConfiguration;
			buildSettings = {
				ASSETCATALOG_COMPILER_APPICON_NAME = AppIcon;
				CODE_SIGN_STYLE = Automatic;
				DEVELOPMENT_TEAM = BJ5C47MMK7;
				INFOPLIST_FILE = KMoJiLineChart/Info.plist;
				IPHONEOS_DEPLOYMENT_TARGET = 8.0;
				LD_RUNPATH_SEARCH_PATHS = "$(inherited) @executable_path/Frameworks";
				PRODUCT_BUNDLE_IDENTIFIER = tenghu.KMoJiLineChart;
				PRODUCT_NAME = "$(TARGET_NAME)";
				TARGETED_DEVICE_FAMILY = "1,2";
			};
			name = Release;
		};
		FC6B800F1FB2D25A003FCDF9 /* Debug */ = {
			isa = XCBuildConfiguration;
			buildSettings = {
				BUNDLE_LOADER = "$(TEST_HOST)";
				CODE_SIGN_STYLE = Automatic;
				INFOPLIST_FILE = KMoJiLineChartTests/Info.plist;
				LD_RUNPATH_SEARCH_PATHS = "$(inherited) @executable_path/Frameworks @loader_path/Frameworks";
				PRODUCT_BUNDLE_IDENTIFIER = tenghu.KMoJiLineChartTests;
				PRODUCT_NAME = "$(TARGET_NAME)";
				TARGETED_DEVICE_FAMILY = "1,2";
				TEST_HOST = "$(BUILT_PRODUCTS_DIR)/KMoJiLineChart.app/KMoJiLineChart";
			};
			name = Debug;
		};
		FC6B80101FB2D25A003FCDF9 /* Release */ = {
			isa = XCBuildConfiguration;
			buildSettings = {
				BUNDLE_LOADER = "$(TEST_HOST)";
				CODE_SIGN_STYLE = Automatic;
				INFOPLIST_FILE = KMoJiLineChartTests/Info.plist;
				LD_RUNPATH_SEARCH_PATHS = "$(inherited) @executable_path/Frameworks @loader_path/Frameworks";
				PRODUCT_BUNDLE_IDENTIFIER = tenghu.KMoJiLineChartTests;
				PRODUCT_NAME = "$(TARGET_NAME)";
				TARGETED_DEVICE_FAMILY = "1,2";
				TEST_HOST = "$(BUILT_PRODUCTS_DIR)/KMoJiLineChart.app/KMoJiLineChart";
			};
			name = Release;
		};
		FC6B80121FB2D25A003FCDF9 /* Debug */ = {
			isa = XCBuildConfiguration;
			buildSettings = {
				CODE_SIGN_STYLE = Automatic;
				INFOPLIST_FILE = KMoJiLineChartUITests/Info.plist;
				LD_RUNPATH_SEARCH_PATHS = "$(inherited) @executable_path/Frameworks @loader_path/Frameworks";
				PRODUCT_BUNDLE_IDENTIFIER = tenghu.KMoJiLineChartUITests;
				PRODUCT_NAME = "$(TARGET_NAME)";
				TARGETED_DEVICE_FAMILY = "1,2";
				TEST_TARGET_NAME = KMoJiLineChart;
			};
			name = Debug;
		};
		FC6B80131FB2D25A003FCDF9 /* Release */ = {
			isa = XCBuildConfiguration;
			buildSettings = {
				CODE_SIGN_STYLE = Automatic;
				INFOPLIST_FILE = KMoJiLineChartUITests/Info.plist;
				LD_RUNPATH_SEARCH_PATHS = "$(inherited) @executable_path/Frameworks @loader_path/Frameworks";
				PRODUCT_BUNDLE_IDENTIFIER = tenghu.KMoJiLineChartUITests;
				PRODUCT_NAME = "$(TARGET_NAME)";
				TARGETED_DEVICE_FAMILY = "1,2";
				TEST_TARGET_NAME = KMoJiLineChart;
			};
			name = Release;
		};
/* End XCBuildConfiguration section */

/* Begin XCConfigurationList section */
		FC6B7FDA1FB2D25A003FCDF9 /* Build configuration list for PBXProject "KMoJiLineChart" */ = {
			isa = XCConfigurationList;
			buildConfigurations = (
				FC6B80091FB2D25A003FCDF9 /* Debug */,
				FC6B800A1FB2D25A003FCDF9 /* Release */,
			);
			defaultConfigurationIsVisible = 0;
			defaultConfigurationName = Release;
		};
		FC6B800B1FB2D25A003FCDF9 /* Build configuration list for PBXNativeTarget "KMoJiLineChart" */ = {
			isa = XCConfigurationList;
			buildConfigurations = (
				FC6B800C1FB2D25A003FCDF9 /* Debug */,
				FC6B800D1FB2D25A003FCDF9 /* Release */,
			);
			defaultConfigurationIsVisible = 0;
			defaultConfigurationName = Release;
		};
		FC6B800E1FB2D25A003FCDF9 /* Build configuration list for PBXNativeTarget "KMoJiLineChartTests" */ = {
			isa = XCConfigurationList;
			buildConfigurations = (
				FC6B800F1FB2D25A003FCDF9 /* Debug */,
				FC6B80101FB2D25A003FCDF9 /* Release */,
			);
			defaultConfigurationIsVisible = 0;
			defaultConfigurationName = Release;
		};
		FC6B80111FB2D25A003FCDF9 /* Build configuration list for PBXNativeTarget "KMoJiLineChartUITests" */ = {
			isa = XCConfigurationList;
			buildConfigurations = (
				FC6B80121FB2D25A003FCDF9 /* Debug */,
				FC6B80131FB2D25A003FCDF9 /* Release */,
			);
			defaultConfigurationIsVisible = 0;
			defaultConfigurationName = Release;
		};
/* End XCConfigurationList section */
	};
	rootObject = FC6B7FD71FB2D25A003FCDF9 /* Project object */;
}
